{
    "hash": "dc79d06efb68f6208ff548976a56207b",
    "packages": [
        {
            "name": "jquery/jquery",
            "version": "1.9.1",
            "dist": {
                "type": "file",
                "url": "http://code.jquery.com/jquery-1.9.1.min.js",
                "reference": null,
                "shasum": null
            },
            "type": "library"
        },
        {
            "name": "jquery/jquery-ui",
            "version": "1.10.1",
            "dist": {
                "type": "file",
                "url": "http://code.jquery.com/ui/1.10.1/jquery-ui.min.js",
                "reference": null,
                "shasum": null
            },
            "type": "library"
        },
        {
            "name": "jquery/jquery-ui-themes",
            "version": "1.10.1",
            "dist": {
                "type": "zip",
                "url": "http://jqueryui.com/resources/download/jquery-ui-themes-1.10.1.zip",
                "reference": null,
                "shasum": null
            },
            "type": "library"
        }
    ],
    "packages-dev": [

    ],
    "aliases": [

    ],
    "minimum-stability": "stable",
    "stability-flags": [

    ],
    "platform": [

    ],
    "platform-dev": [

    ]
}
